// !$*UTF8*$!
{
	archiveVersion = 1;
	classes = {
	};
	objectVersion = 50;
	objects = {

/* Begin PBXBuildFile section */
		3510A907219114750034000B /* AddTaskViewController.swift in Sources */ = {isa = PBXBuildFile; fileRef = 3510A906219114750034000B /* AddTaskViewController.swift */; };
		7A0FEBEF218E3ADF004DFF21 /* AppDelegate.swift in Sources */ = {isa = PBXBuildFile; fileRef = 7A0FEBEE218E3ADF004DFF21 /* AppDelegate.swift */; };
		7A0FEBF1218E3ADF004DFF21 /* ViewController.swift in Sources */ = {isa = PBXBuildFile; fileRef = 7A0FEBF0218E3ADF004DFF21 /* ViewController.swift */; };
		7A0FEBF4218E3ADF004DFF21 /* Main.storyboard in Resources */ = {isa = PBXBuildFile; fileRef = 7A0FEBF2218E3ADF004DFF21 /* Main.storyboard */; };
		7A0FEBF6218E3AE2004DFF21 /* Assets.xcassets in Resources */ = {isa = PBXBuildFile; fileRef = 7A0FEBF5218E3AE2004DFF21 /* Assets.xcassets */; };
		7A0FEBF9218E3AE2004DFF21 /* LaunchScreen.storyboard in Resources */ = {isa = PBXBuildFile; fileRef = 7A0FEBF7218E3AE2004DFF21 /* LaunchScreen.storyboard */; };
		7A0FEC1021911D9A004DFF21 /* Float.swift in Sources */ = {isa = PBXBuildFile; fileRef = 7A0FEC0F21911D9A004DFF21 /* Float.swift */; };
		7A0FEC1221911F63004DFF21 /* Task.swift in Sources */ = {isa = PBXBuildFile; fileRef = 7A0FEC1121911F63004DFF21 /* Task.swift */; };
		7A119AC0219A526A00AD82B4 /* TaskCollectionViewCell.swift in Sources */ = {isa = PBXBuildFile; fileRef = 7A119ABF219A526A00AD82B4 /* TaskCollectionViewCell.swift */; };
		7A119AC3219B81F600AD82B4 /* CoreDataHelper.swift in Sources */ = {isa = PBXBuildFile; fileRef = 7A119AC2219B81F500AD82B4 /* CoreDataHelper.swift */; };
		7A119AC6219D04B600AD82B4 /* Glance.xcdatamodeld in Sources */ = {isa = PBXBuildFile; fileRef = 7A119AC4219D04B500AD82B4 /* Glance.xcdatamodeld */; };
		7AF7929021A5F645008757A4 /* Color+Extension.swift in Sources */ = {isa = PBXBuildFile; fileRef = 7AF7928F21A5F645008757A4 /* Color+Extension.swift */; };
/* End PBXBuildFile section */

/* Begin PBXFileReference section */
		3510A906219114750034000B /* AddTaskViewController.swift */ = {isa = PBXFileReference; lastKnownFileType = sourcecode.swift; path = AddTaskViewController.swift; sourceTree = "<group>"; };
		7A0FEBEB218E3ADE004DFF21 /* Glance.app */ = {isa = PBXFileReference; explicitFileType = wrapper.application; includeInIndex = 0; path = Glance.app; sourceTree = BUILT_PRODUCTS_DIR; };
		7A0FEBEE218E3ADF004DFF21 /* AppDelegate.swift */ = {isa = PBXFileReference; lastKnownFileType = sourcecode.swift; path = AppDelegate.swift; sourceTree = "<group>"; };
		7A0FEBF0218E3ADF004DFF21 /* ViewController.swift */ = {isa = PBXFileReference; lastKnownFileType = sourcecode.swift; path = ViewController.swift; sourceTree = "<group>"; };
		7A0FEBF3218E3ADF004DFF21 /* Base */ = {isa = PBXFileReference; lastKnownFileType = file.storyboard; name = Base; path = Base.lproj/Main.storyboard; sourceTree = "<group>"; };
		7A0FEBF5218E3AE2004DFF21 /* Assets.xcassets */ = {isa = PBXFileReference; lastKnownFileType = folder.assetcatalog; path = Assets.xcassets; sourceTree = "<group>"; };
		7A0FEBF8218E3AE2004DFF21 /* Base */ = {isa = PBXFileReference; lastKnownFileType = file.storyboard; name = Base; path = Base.lproj/LaunchScreen.storyboard; sourceTree = "<group>"; };
		7A0FEBFA218E3AE2004DFF21 /* Info.plist */ = {isa = PBXFileReference; lastKnownFileType = text.plist.xml; path = Info.plist; sourceTree = "<group>"; };
		7A0FEC0F21911D9A004DFF21 /* Float.swift */ = {isa = PBXFileReference; fileEncoding = 4; lastKnownFileType = sourcecode.swift; path = Float.swift; sourceTree = "<group>"; };
		7A0FEC1121911F63004DFF21 /* Task.swift */ = {isa = PBXFileReference; lastKnownFileType = sourcecode.swift; path = Task.swift; sourceTree = "<group>"; };
		7A119ABF219A526A00AD82B4 /* TaskCollectionViewCell.swift */ = {isa = PBXFileReference; lastKnownFileType = sourcecode.swift; path = TaskCollectionViewCell.swift; sourceTree = "<group>"; };
		7A119AC2219B81F500AD82B4 /* CoreDataHelper.swift */ = {isa = PBXFileReference; lastKnownFileType = sourcecode.swift; path = CoreDataHelper.swift; sourceTree = "<group>"; };
		7A119AC5219D04B600AD82B4 /* Glance.xcdatamodel */ = {isa = PBXFileReference; lastKnownFileType = wrapper.xcdatamodel; path = Glance.xcdatamodel; sourceTree = "<group>"; };
		7AF7928F21A5F645008757A4 /* Color+Extension.swift */ = {isa = PBXFileReference; lastKnownFileType = sourcecode.swift; path = "Color+Extension.swift"; sourceTree = "<group>"; };
/* End PBXFileReference section */

/* Begin PBXFrameworksBuildPhase section */
		7A0FEBE8218E3ADE004DFF21 /* Frameworks */ = {
			isa = PBXFrameworksBuildPhase;
			buildActionMask = 2147483647;
			files = (
			);
			runOnlyForDeploymentPostprocessing = 0;
		};
/* End PBXFrameworksBuildPhase section */

/* Begin PBXGroup section */
		7A0FEBE2218E3ADE004DFF21 = {
			isa = PBXGroup;
			children = (
				7A0FEBFA218E3AE2004DFF21 /* Info.plist */,
				7A0FEBED218E3ADE004DFF21 /* Glance */,
				7A0FEBEC218E3ADE004DFF21 /* Products */,
			);
			sourceTree = "<group>";
		};
		7A0FEBEC218E3ADE004DFF21 /* Products */ = {
			isa = PBXGroup;
			children = (
				7A0FEBEB218E3ADE004DFF21 /* Glance.app */,
			);
			name = Products;
			sourceTree = "<group>";
		};
		7A0FEBED218E3ADE004DFF21 /* Glance */ = {
			isa = PBXGroup;
			children = (
				7A119AC1219B81D400AD82B4 /* Persistence Layer */,
				7A0FEC05218E3B26004DFF21 /* Supporting */,
				7A0FEC04218E3B1D004DFF21 /* Services */,
				7A0FEC03218E3B07004DFF21 /* Extensions */,
				7A0FEC02218E3B01004DFF21 /* Controller */,
				7A0FEC01218E3AFB004DFF21 /* View */,
				7A0FEC00218E3AF6004DFF21 /* Model */,
				7A119AC4219D04B500AD82B4 /* Glance.xcdatamodeld */,
			);
			path = Glance;
			sourceTree = "<group>";
		};
		7A0FEC00218E3AF6004DFF21 /* Model */ = {
			isa = PBXGroup;
			children = (
				7A0FEC1121911F63004DFF21 /* Task.swift */,
			);
			path = Model;
			sourceTree = "<group>";
		};
		7A0FEC01218E3AFB004DFF21 /* View */ = {
			isa = PBXGroup;
			children = (
				7A0FEBF2218E3ADF004DFF21 /* Main.storyboard */,
				7A0FEBF7218E3AE2004DFF21 /* LaunchScreen.storyboard */,
				7A119ABF219A526A00AD82B4 /* TaskCollectionViewCell.swift */,
			);
			path = View;
			sourceTree = "<group>";
		};
		7A0FEC02218E3B01004DFF21 /* Controller */ = {
			isa = PBXGroup;
			children = (
				7A0FEBF0218E3ADF004DFF21 /* ViewController.swift */,
				3510A906219114750034000B /* AddTaskViewController.swift */,
			);
			path = Controller;
			sourceTree = "<group>";
		};
		7A0FEC03218E3B07004DFF21 /* Extensions */ = {
			isa = PBXGroup;
			children = (
				7A0FEC0F21911D9A004DFF21 /* Float.swift */,
				7AF7928F21A5F645008757A4 /* Color+Extension.swift */,
			);
			path = Extensions;
			sourceTree = "<group>";
		};
		7A0FEC04218E3B1D004DFF21 /* Services */ = {
			isa = PBXGroup;
			children = (
			);
			path = Services;
			sourceTree = "<group>";
		};
		7A0FEC05218E3B26004DFF21 /* Supporting */ = {
			isa = PBXGroup;
			children = (
				7A0FEBF5218E3AE2004DFF21 /* Assets.xcassets */,
				7A0FEBEE218E3ADF004DFF21 /* AppDelegate.swift */,
			);
			path = Supporting;
			sourceTree = "<group>";
		};
		7A119AC1219B81D400AD82B4 /* Persistence Layer */ = {
			isa = PBXGroup;
			children = (
				7A119AC2219B81F500AD82B4 /* CoreDataHelper.swift */,
			);
			path = "Persistence Layer";
			sourceTree = "<group>";
		};
/* End PBXGroup section */

/* Begin PBXNativeTarget section */
		7A0FEBEA218E3ADE004DFF21 /* Glance */ = {
			isa = PBXNativeTarget;
			buildConfigurationList = 7A0FEBFD218E3AE2004DFF21 /* Build configuration list for PBXNativeTarget "Glance" */;
			buildPhases = (
				7A0FEBE7218E3ADE004DFF21 /* Sources */,
				7A0FEBE8218E3ADE004DFF21 /* Frameworks */,
				7A0FEBE9218E3ADE004DFF21 /* Resources */,
			);
			buildRules = (
			);
			dependencies = (
			);
			name = Glance;
			productName = Glance;
			productReference = 7A0FEBEB218E3ADE004DFF21 /* Glance.app */;
			productType = "com.apple.product-type.application";
		};
/* End PBXNativeTarget section */

/* Begin PBXProject section */
		7A0FEBE3218E3ADE004DFF21 /* Project object */ = {
			isa = PBXProject;
			attributes = {
				LastSwiftUpdateCheck = 1000;
				LastUpgradeCheck = 1000;
				ORGANIZATIONNAME = "Noah Woodward";
				TargetAttributes = {
					7A0FEBEA218E3ADE004DFF21 = {
						CreatedOnToolsVersion = 10.0;
					};
				};
			};
			buildConfigurationList = 7A0FEBE6218E3ADE004DFF21 /* Build configuration list for PBXProject "Glance" */;
			compatibilityVersion = "Xcode 9.3";
			developmentRegion = en;
			hasScannedForEncodings = 0;
			knownRegions = (
				en,
				Base,
			);
			mainGroup = 7A0FEBE2218E3ADE004DFF21;
			productRefGroup = 7A0FEBEC218E3ADE004DFF21 /* Products */;
			projectDirPath = "";
			projectRoot = "";
			targets = (
				7A0FEBEA218E3ADE004DFF21 /* Glance */,
			);
		};
/* End PBXProject section */

/* Begin PBXResourcesBuildPhase section */
		7A0FEBE9218E3ADE004DFF21 /* Resources */ = {
			isa = PBXResourcesBuildPhase;
			buildActionMask = 2147483647;
			files = (
				7A0FEBF9218E3AE2004DFF21 /* LaunchScreen.storyboard in Resources */,
				7A0FEBF6218E3AE2004DFF21 /* Assets.xcassets in Resources */,
				7A0FEBF4218E3ADF004DFF21 /* Main.storyboard in Resources */,
			);
			runOnlyForDeploymentPostprocessing = 0;
		};
/* End PBXResourcesBuildPhase section */

/* Begin PBXSourcesBuildPhase section */
		7A0FEBE7218E3ADE004DFF21 /* Sources */ = {
			isa = PBXSourcesBuildPhase;
			buildActionMask = 2147483647;
			files = (
				7A0FEC1021911D9A004DFF21 /* Float.swift in Sources */,
				7AF7929021A5F645008757A4 /* Color+Extension.swift in Sources */,
				7A0FEBF1218E3ADF004DFF21 /* ViewController.swift in Sources */,
				7A0FEC1221911F63004DFF21 /* Task.swift in Sources */,
				7A119AC3219B81F600AD82B4 /* CoreDataHelper.swift in Sources */,
				7A119AC0219A526A00AD82B4 /* TaskCollectionViewCell.swift in Sources */,
				7A119AC6219D04B600AD82B4 /* Glance.xcdatamodeld in Sources */,
				3510A907219114750034000B /* AddTaskViewController.swift in Sources */,
				7A0FEBEF218E3ADF004DFF21 /* AppDelegate.swift in Sources */,
			);
			runOnlyForDeploymentPostprocessing = 0;
		};
/* End PBXSourcesBuildPhase section */

/* Begin PBXVariantGroup section */
		7A0FEBF2218E3ADF004DFF21 /* Main.storyboard */ = {
			isa = PBXVariantGroup;
			children = (
				7A0FEBF3218E3ADF004DFF21 /* Base */,
			);
			name = Main.storyboard;
			sourceTree = "<group>";
		};
		7A0FEBF7218E3AE2004DFF21 /* LaunchScreen.storyboard */ = {
			isa = PBXVariantGroup;
			children = (
				7A0FEBF8218E3AE2004DFF21 /* Base */,
			);
			name = LaunchScreen.storyboard;
			sourceTree = "<group>";
		};
/* End PBXVariantGroup section */

/* Begin XCBuildConfiguration section */
		7A0FEBFB218E3AE2004DFF21 /* Debug */ = {
			isa = XCBuildConfiguration;
			buildSettings = {
				ALWAYS_SEARCH_USER_PATHS = NO;
				CLANG_ANALYZER_NONNULL = YES;
				CLANG_ANALYZER_NUMBER_OBJECT_CONVERSION = YES_AGGRESSIVE;
				CLANG_CXX_LANGUAGE_STANDARD = "gnu++14";
				CLANG_CXX_LIBRARY = "libc++";
				CLANG_ENABLE_MODULES = YES;
				CLANG_ENABLE_OBJC_ARC = YES;
				CLANG_ENABLE_OBJC_WEAK = YES;
				CLANG_WARN_BLOCK_CAPTURE_AUTORELEASING = YES;
				CLANG_WARN_BOOL_CONVERSION = YES;
				CLANG_WARN_COMMA = YES;
				CLANG_WARN_CONSTANT_CONVERSION = YES;
				CLANG_WARN_DEPRECATED_OBJC_IMPLEMENTATIONS = YES;
				CLANG_WARN_DIRECT_OBJC_ISA_USAGE = YES_ERROR;
				CLANG_WARN_DOCUMENTATION_COMMENTS = YES;
				CLANG_WARN_EMPTY_BODY = YES;
				CLANG_WARN_ENUM_CONVERSION = YES;
				CLANG_WARN_INFINITE_RECURSION = YES;
				CLANG_WARN_INT_CONVERSION = YES;
				CLANG_WARN_NON_LITERAL_NULL_CONVERSION = YES;
				CLANG_WARN_OBJC_IMPLICIT_RETAIN_SELF = YES;
				CLANG_WARN_OBJC_LITERAL_CONVERSION = YES;
				CLANG_WARN_OBJC_ROOT_CLASS = YES_ERROR;
				CLANG_WARN_RANGE_LOOP_ANALYSIS = YES;
				CLANG_WARN_STRICT_PROTOTYPES = YES;
				CLANG_WARN_SUSPICIOUS_MOVE = YES;
				CLANG_WARN_UNGUARDED_AVAILABILITY = YES_AGGRESSIVE;
				CLANG_WARN_UNREACHABLE_CODE = YES;
				CLANG_WARN__DUPLICATE_METHOD_MATCH = YES;
				CODE_SIGN_IDENTITY = "iPhone Developer";
				COPY_PHASE_STRIP = NO;
				DEBUG_INFORMATION_FORMAT = dwarf;
				ENABLE_STRICT_OBJC_MSGSEND = YES;
				ENABLE_TESTABILITY = YES;
				GCC_C_LANGUAGE_STANDARD = gnu11;
				GCC_DYNAMIC_NO_PIC = NO;
				GCC_NO_COMMON_BLOCKS = YES;
				GCC_OPTIMIZATION_LEVEL = 0;
				GCC_PREPROCESSOR_DEFINITIONS = (
					"DEBUG=1",
					"$(inherited)",
				);
				GCC_WARN_64_TO_32_BIT_CONVERSION = YES;
				GCC_WARN_ABOUT_RETURN_TYPE = YES_ERROR;
				GCC_WARN_UNDECLARED_SELECTOR = YES;
				GCC_WARN_UNINITIALIZED_AUTOS = YES_AGGRESSIVE;
				GCC_WARN_UNUSED_FUNCTION = YES;
				GCC_WARN_UNUSED_VARIABLE = YES;
				IPHONEOS_DEPLOYMENT_TARGET = 12.0;
				MTL_ENABLE_DEBUG_INFO = INCLUDE_SOURCE;
				MTL_FAST_MATH = YES;
				ONLY_ACTIVE_ARCH = YES;
				SDKROOT = iphoneos;
				SWIFT_ACTIVE_COMPILATION_CONDITIONS = DEBUG;
				SWIFT_OPTIMIZATION_LEVEL = "-Onone";
			};
			name = Debug;
		};
		7A0FEBFC218E3AE2004DFF21 /* Release */ = {
			isa = XCBuildConfiguration;
			buildSettings = {
				ALWAYS_SEARCH_USER_PATHS = NO;
				CLANG_ANALYZER_NONNULL = YES;
				CLANG_ANALYZER_NUMBER_OBJECT_CONVERSION = YES_AGGRESSIVE;
				CLANG_CXX_LANGUAGE_STANDARD = "gnu++14";
				CLANG_CXX_LIBRARY = "libc++";
				CLANG_ENABLE_MODULES = YES;
				CLANG_ENABLE_OBJC_ARC = YES;
				CLANG_ENABLE_OBJC_WEAK = YES;
				CLANG_WARN_BLOCK_CAPTURE_AUTORELEASING = YES;
				CLANG_WARN_BOOL_CONVERSION = YES;
				CLANG_WARN_COMMA = YES;
				CLANG_WARN_CONSTANT_CONVERSION = YES;
				CLANG_WARN_DEPRECATED_OBJC_IMPLEMENTATIONS = YES;
				CLANG_WARN_DIRECT_OBJC_ISA_USAGE = YES_ERROR;
				CLANG_WARN_DOCUMENTATION_COMMENTS = YES;
				CLANG_WARN_EMPTY_BODY = YES;
				CLANG_WARN_ENUM_CONVERSION = YES;
				CLANG_WARN_INFINITE_RECURSION = YES;
				CLANG_WARN_INT_CONVERSION = YES;
				CLANG_WARN_NON_LITERAL_NULL_CONVERSION = YES;
				CLANG_WARN_OBJC_IMPLICIT_RETAIN_SELF = YES;
				CLANG_WARN_OBJC_LITERAL_CONVERSION = YES;
				CLANG_WARN_OBJC_ROOT_CLASS = YES_ERROR;
				CLANG_WARN_RANGE_LOOP_ANALYSIS = YES;
				CLANG_WARN_STRICT_PROTOTYPES = YES;
				CLANG_WARN_SUSPICIOUS_MOVE = YES;
				CLANG_WARN_UNGUARDED_AVAILABILITY = YES_AGGRESSIVE;
				CLANG_WARN_UNREACHABLE_CODE = YES;
				CLANG_WARN__DUPLICATE_METHOD_MATCH = YES;
				CODE_SIGN_IDENTITY = "iPhone Developer";
				COPY_PHASE_STRIP = NO;
				DEBUG_INFORMATION_FORMAT = "dwarf-with-dsym";
				ENABLE_NS_ASSERTIONS = NO;
				ENABLE_STRICT_OBJC_MSGSEND = YES;
				GCC_C_LANGUAGE_STANDARD = gnu11;
				GCC_NO_COMMON_BLOCKS = YES;
				GCC_WARN_64_TO_32_BIT_CONVERSION = YES;
				GCC_WARN_ABOUT_RETURN_TYPE = YES_ERROR;
				GCC_WARN_UNDECLARED_SELECTOR = YES;
				GCC_WARN_UNINITIALIZED_AUTOS = YES_AGGRESSIVE;
				GCC_WARN_UNUSED_FUNCTION = YES;
				GCC_WARN_UNUSED_VARIABLE = YES;
				IPHONEOS_DEPLOYMENT_TARGET = 12.0;
				MTL_ENABLE_DEBUG_INFO = NO;
				MTL_FAST_MATH = YES;
				SDKROOT = iphoneos;
				SWIFT_COMPILATION_MODE = wholemodule;
				SWIFT_OPTIMIZATION_LEVEL = "-O";
				VALIDATE_PRODUCT = YES;
			};
			name = Release;
		};
		7A0FEBFE218E3AE2004DFF21 /* Debug */ = {
			isa = XCBuildConfiguration;
			buildSettings = {
				ASSETCATALOG_COMPILER_APPICON_NAME = AppIcon;
				CODE_SIGN_STYLE = Automatic;
				DEVELOPMENT_TEAM = QBGPXWFD5T;
				INFOPLIST_FILE = "$(SRCROOT)/Info.plist";
				LD_RUNPATH_SEARCH_PATHS = (
					"$(inherited)",
					"@executable_path/Frameworks",
				);
				PRODUCT_BUNDLE_IDENTIFIER = com.noahjwoodward.Glance;
				PRODUCT_NAME = "$(TARGET_NAME)";
				SWIFT_VERSION = 4.2;
				TARGETED_DEVICE_FAMILY = "1,2";
			};
			name = Debug;
		};
		7A0FEBFF218E3AE2004DFF21 /* Release */ = {
			isa = XCBuildConfiguration;
			buildSettings = {
				ASSETCATALOG_COMPILER_APPICON_NAME = AppIcon;
				CODE_SIGN_STYLE = Automatic;
				DEVELOPMENT_TEAM = QBGPXWFD5T;
				INFOPLIST_FILE = "$(SRCROOT)/Info.plist";
				LD_RUNPATH_SEARCH_PATHS = (
					"$(inherited)",
					"@executable_path/Frameworks",
				);
				PRODUCT_BUNDLE_IDENTIFIER = com.noahjwoodward.Glance;
				PRODUCT_NAME = "$(TARGET_NAME)";
				SWIFT_VERSION = 4.2;
				TARGETED_DEVICE_FAMILY = "1,2";
			};
			name = Release;
		};
/* End XCBuildConfiguration section */

/* Begin XCConfigurationList section */
		7A0FEBE6218E3ADE004DFF21 /* Build configuration list for PBXProject "Glance" */ = {
			isa = XCConfigurationList;
			buildConfigurations = (
				7A0FEBFB218E3AE2004DFF21 /* Debug */,
				7A0FEBFC218E3AE2004DFF21 /* Release */,
			);
			defaultConfigurationIsVisible = 0;
			defaultConfigurationName = Release;
		};
		7A0FEBFD218E3AE2004DFF21 /* Build configuration list for PBXNativeTarget "Glance" */ = {
			isa = XCConfigurationList;
			buildConfigurations = (
				7A0FEBFE218E3AE2004DFF21 /* Debug */,
				7A0FEBFF218E3AE2004DFF21 /* Release */,
			);
			defaultConfigurationIsVisible = 0;
			defaultConfigurationName = Release;
		};
/* End XCConfigurationList section */

/* Begin XCVersionGroup section */
		7A119AC4219D04B500AD82B4 /* Glance.xcdatamodeld */ = {
			isa = XCVersionGroup;
			children = (
				7A119AC5219D04B600AD82B4 /* Glance.xcdatamodel */,
			);
			currentVersion = 7A119AC5219D04B600AD82B4 /* Glance.xcdatamodel */;
			path = Glance.xcdatamodeld;
			sourceTree = "<group>";
			versionGroupType = wrapper.xcdatamodel;
		};
/* End XCVersionGroup section */
	};
	rootObject = 7A0FEBE3218E3ADE004DFF21 /* Project object */;
}
